
Microsoft Visual Studio Solution File, Format Version 12.00
# Visual Studio Version 16
VisualStudioVersion = 16.0.31402.337
MinimumVisualStudioVersion = 10.0.40219.1
Project("{FAE04EC0-301F-11D3-BF4B-00C04F79EFBC}") = "QuizBackedAPI", "QuizBackedAPI\QuizBackedAPI.csproj", "{C310645D-EDAF-4DF5-BCB9-CEBA3B9B580A}"
EndProject
Global
	GlobalSection(SolutionConfigurationPlatforms) = preSolution
		Debug|Any CPU = Debug|Any CPU
		Release|Any CPU = Release|Any CPU
	EndGlobalSection
	GlobalSection(ProjectConfigurationPlatforms) = postSolution
		{C310645D-EDAF-4DF5-BCB9-CEBA3B9B580A}.Debug|Any CPU.ActiveCfg = Debug|Any CPU
		{C310645D-EDAF-4DF5-BCB9-CEBA3B9B580A}.Debug|Any CPU.Build.0 = Debug|Any CPU
		{C310645D-EDAF-4DF5-BCB9-CEBA3B9B580A}.Release|Any CPU.ActiveCfg = Release|Any CPU
		{C310645D-EDAF-4DF5-BCB9-CEBA3B9B580A}.Release|Any CPU.Build.0 = Release|Any CPU
	EndGlobalSection
	GlobalSection(SolutionProperties) = preSolution
		HideSolutionNode = FALSE
	EndGlobalSection
	GlobalSection(ExtensibilityGlobals) = postSolution
		SolutionGuid = {779A991D-220A-4DA5-99DE-191FC8E48C47}
	EndGlobalSection
EndGlobal
